// !$*UTF8*$!
{
	archiveVersion = 1;
	classes = {
	};
	objectVersion = 46;
	objects = {

/* Begin PBXBuildFile section */
		28F75D851B28ECF6007F989A /* AppDelegate.swift in Sources */ = {isa = PBXBuildFile; fileRef = 28F75D841B28ECF6007F989A /* AppDelegate.swift */; };
		28F75D871B28ECF6007F989A /* ViewController.swift in Sources */ = {isa = PBXBuildFile; fileRef = 28F75D861B28ECF6007F989A /* ViewController.swift */; };
		28F75D8A1B28ECF6007F989A /* Main.storyboard in Resources */ = {isa = PBXBuildFile; fileRef = 28F75D881B28ECF6007F989A /* Main.storyboard */; };
		28F75D8C1B28ECF6007F989A /* Images.xcassets in Resources */ = {isa = PBXBuildFile; fileRef = 28F75D8B1B28ECF6007F989A /* Images.xcassets */; };
		28F75D8F1B28ECF6007F989A /* LaunchScreen.xib in Resources */ = {isa = PBXBuildFile; fileRef = 28F75D8D1B28ECF6007F989A /* LaunchScreen.xib */; };
		28F75D9B1B28ECF6007F989A /* DraggingTests.swift in Sources */ = {isa = PBXBuildFile; fileRef = 28F75D9A1B28ECF6007F989A /* DraggingTests.swift */; };
/* End PBXBuildFile section */

/* Begin PBXContainerItemProxy section */
		28F75D951B28ECF6007F989A /* PBXContainerItemProxy */ = {
			isa = PBXContainerItemProxy;
			containerPortal = 28F75D771B28ECF6007F989A /* Project object */;
			proxyType = 1;
			remoteGlobalIDString = 28F75D7E1B28ECF6007F989A;
			remoteInfo = Dragging;
		};
/* End PBXContainerItemProxy section */

/* Begin PBXFileReference section */
		28F75D7F1B28ECF6007F989A /* Dragging.app */ = {isa = PBXFileReference; explicitFileType = wrapper.application; includeInIndex = 0; path = Dragging.app; sourceTree = BUILT_PRODUCTS_DIR; };
		28F75D831B28ECF6007F989A /* Info.plist */ = {isa = PBXFileReference; lastKnownFileType = text.plist.xml; path = Info.plist; sourceTree = "<group>"; };
		28F75D841B28ECF6007F989A /* AppDelegate.swift */ = {isa = PBXFileReference; lastKnownFileType = sourcecode.swift; path = AppDelegate.swift; sourceTree = "<group>"; };
		28F75D861B28ECF6007F989A /* ViewController.swift */ = {isa = PBXFileReference; lastKnownFileType = sourcecode.swift; path = ViewController.swift; sourceTree = "<group>"; };
		28F75D891B28ECF6007F989A /* Base */ = {isa = PBXFileReference; lastKnownFileType = file.storyboard; name = Base; path = Base.lproj/Main.storyboard; sourceTree = "<group>"; };
		28F75D8B1B28ECF6007F989A /* Images.xcassets */ = {isa = PBXFileReference; lastKnownFileType = folder.assetcatalog; path = Images.xcassets; sourceTree = "<group>"; };
		28F75D8E1B28ECF6007F989A /* Base */ = {isa = PBXFileReference; lastKnownFileType = file.xib; name = Base; path = Base.lproj/LaunchScreen.xib; sourceTree = "<group>"; };
		28F75D941B28ECF6007F989A /* DraggingTests.xctest */ = {isa = PBXFileReference; explicitFileType = wrapper.cfbundle; includeInIndex = 0; path = DraggingTests.xctest; sourceTree = BUILT_PRODUCTS_DIR; };
		28F75D991B28ECF6007F989A /* Info.plist */ = {isa = PBXFileReference; lastKnownFileType = text.plist.xml; path = Info.plist; sourceTree = "<group>"; };
		28F75D9A1B28ECF6007F989A /* DraggingTests.swift */ = {isa = PBXFileReference; lastKnownFileType = sourcecode.swift; path = DraggingTests.swift; sourceTree = "<group>"; };
/* End PBXFileReference section */

/* Begin PBXFrameworksBuildPhase section */
		28F75D7C1B28ECF6007F989A /* Frameworks */ = {
			isa = PBXFrameworksBuildPhase;
			buildActionMask = 2147483647;
			files = (
			);
			runOnlyForDeploymentPostprocessing = 0;
		};
		28F75D911B28ECF6007F989A /* Frameworks */ = {
			isa = PBXFrameworksBuildPhase;
			buildActionMask = 2147483647;
			files = (
			);
			runOnlyForDeploymentPostprocessing = 0;
		};
/* End PBXFrameworksBuildPhase section */

/* Begin PBXGroup section */
		28F75D761B28ECF6007F989A = {
			isa = PBXGroup;
			children = (
				28F75D811B28ECF6007F989A /* Dragging */,
				28F75D971B28ECF6007F989A /* DraggingTests */,
				28F75D801B28ECF6007F989A /* Products */,
			);
			sourceTree = "<group>";
		};
		28F75D801B28ECF6007F989A /* Products */ = {
			isa = PBXGroup;
			children = (
				28F75D7F1B28ECF6007F989A /* Dragging.app */,
				28F75D941B28ECF6007F989A /* DraggingTests.xctest */,
			);
			name = Products;
			sourceTree = "<group>";
		};
		28F75D811B28ECF6007F989A /* Dragging */ = {
			isa = PBXGroup;
			children = (
				28F75D841B28ECF6007F989A /* AppDelegate.swift */,
				28F75D861B28ECF6007F989A /* ViewController.swift */,
				28F75D881B28ECF6007F989A /* Main.storyboard */,
				28F75D8B1B28ECF6007F989A /* Images.xcassets */,
				28F75D8D1B28ECF6007F989A /* LaunchScreen.xib */,
				28F75D821B28ECF6007F989A /* Supporting Files */,
			);
			path = Dragging;
			sourceTree = "<group>";
		};
		28F75D821B28ECF6007F989A /* Supporting Files */ = {
			isa = PBXGroup;
			children = (
				28F75D831B28ECF6007F989A /* Info.plist */,
			);
			name = "Supporting Files";
			sourceTree = "<group>";
		};
		28F75D971B28ECF6007F989A /* DraggingTests */ = {
			isa = PBXGroup;
			children = (
				28F75D9A1B28ECF6007F989A /* DraggingTests.swift */,
				28F75D981B28ECF6007F989A /* Supporting Files */,
			);
			path = DraggingTests;
			sourceTree = "<group>";
		};
		28F75D981B28ECF6007F989A /* Supporting Files */ = {
			isa = PBXGroup;
			children = (
				28F75D991B28ECF6007F989A /* Info.plist */,
			);
			name = "Supporting Files";
			sourceTree = "<group>";
		};
/* End PBXGroup section */

/* Begin PBXNativeTarget section */
		28F75D7E1B28ECF6007F989A /* Dragging */ = {
			isa = PBXNativeTarget;
			buildConfigurationList = 28F75D9E1B28ECF6007F989A /* Build configuration list for PBXNativeTarget "Dragging" */;
			buildPhases = (
				28F75D7B1B28ECF6007F989A /* Sources */,
				28F75D7C1B28ECF6007F989A /* Frameworks */,
				28F75D7D1B28ECF6007F989A /* Resources */,
			);
			buildRules = (
			);
			dependencies = (
			);
			name = Dragging;
			productName = Dragging;
			productReference = 28F75D7F1B28ECF6007F989A /* Dragging.app */;
			productType = "com.apple.product-type.application";
		};
		28F75D931B28ECF6007F989A /* DraggingTests */ = {
			isa = PBXNativeTarget;
			buildConfigurationList = 28F75DA11B28ECF6007F989A /* Build configuration list for PBXNativeTarget "DraggingTests" */;
			buildPhases = (
				28F75D901B28ECF6007F989A /* Sources */,
				28F75D911B28ECF6007F989A /* Frameworks */,
				28F75D921B28ECF6007F989A /* Resources */,
			);
			buildRules = (
			);
			dependencies = (
				28F75D961B28ECF6007F989A /* PBXTargetDependency */,
			);
			name = DraggingTests;
			productName = DraggingTests;
			productReference = 28F75D941B28ECF6007F989A /* DraggingTests.xctest */;
			productType = "com.apple.product-type.bundle.unit-test";
		};
/* End PBXNativeTarget section */

/* Begin PBXProject section */
		28F75D771B28ECF6007F989A /* Project object */ = {
			isa = PBXProject;
			attributes = {
				LastUpgradeCheck = 0630;
				ORGANIZATIONNAME = "Gray Karegeannes";
				TargetAttributes = {
					28F75D7E1B28ECF6007F989A = {
						CreatedOnToolsVersion = 6.3.2;
					};
					28F75D931B28ECF6007F989A = {
						CreatedOnToolsVersion = 6.3.2;
						TestTargetID = 28F75D7E1B28ECF6007F989A;
					};
				};
			};
			buildConfigurationList = 28F75D7A1B28ECF6007F989A /* Build configuration list for PBXProject "Dragging" */;
			compatibilityVersion = "Xcode 3.2";
			developmentRegion = English;
			hasScannedForEncodings = 0;
			knownRegions = (
				en,
				Base,
			);
			mainGroup = 28F75D761B28ECF6007F989A;
			productRefGroup = 28F75D801B28ECF6007F989A /* Products */;
			projectDirPath = "";
			projectRoot = "";
			targets = (
				28F75D7E1B28ECF6007F989A /* Dragging */,
				28F75D931B28ECF6007F989A /* DraggingTests */,
			);
		};
/* End PBXProject section */

/* Begin PBXResourcesBuildPhase section */
		28F75D7D1B28ECF6007F989A /* Resources */ = {
			isa = PBXResourcesBuildPhase;
			buildActionMask = 2147483647;
			files = (
				28F75D8A1B28ECF6007F989A /* Main.storyboard in Resources */,
				28F75D8F1B28ECF6007F989A /* LaunchScreen.xib in Resources */,
				28F75D8C1B28ECF6007F989A /* Images.xcassets in Resources */,
			);
			runOnlyForDeploymentPostprocessing = 0;
		};
		28F75D921B28ECF6007F989A /* Resources */ = {
			isa = PBXResourcesBuildPhase;
			buildActionMask = 2147483647;
			files = (
			);
			runOnlyForDeploymentPostprocessing = 0;
		};
/* End PBXResourcesBuildPhase section */

/* Begin PBXSourcesBuildPhase section */
		28F75D7B1B28ECF6007F989A /* Sources */ = {
			isa = PBXSourcesBuildPhase;
			buildActionMask = 2147483647;
			files = (
				28F75D871B28ECF6007F989A /* ViewController.swift in Sources */,
				28F75D851B28ECF6007F989A /* AppDelegate.swift in Sources */,
			);
			runOnlyForDeploymentPostprocessing = 0;
		};
		28F75D901B28ECF6007F989A /* Sources */ = {
			isa = PBXSourcesBuildPhase;
			buildActionMask = 2147483647;
			files = (
				28F75D9B1B28ECF6007F989A /* DraggingTests.swift in Sources */,
			);
			runOnlyForDeploymentPostprocessing = 0;
		};
/* End PBXSourcesBuildPhase section */

/* Begin PBXTargetDependency section */
		28F75D961B28ECF6007F989A /* PBXTargetDependency */ = {
			isa = PBXTargetDependency;
			target = 28F75D7E1B28ECF6007F989A /* Dragging */;
			targetProxy = 28F75D951B28ECF6007F989A /* PBXContainerItemProxy */;
		};
/* End PBXTargetDependency section */

/* Begin PBXVariantGroup section */
		28F75D881B28ECF6007F989A /* Main.storyboard */ = {
			isa = PBXVariantGroup;
			children = (
				28F75D891B28ECF6007F989A /* Base */,
			);
			name = Main.storyboard;
			sourceTree = "<group>";
		};
		28F75D8D1B28ECF6007F989A /* LaunchScreen.xib */ = {
			isa = PBXVariantGroup;
			children = (
				28F75D8E1B28ECF6007F989A /* Base */,
			);
			name = LaunchScreen.xib;
			sourceTree = "<group>";
		};
/* End PBXVariantGroup section */

/* Begin XCBuildConfiguration section */
		28F75D9C1B28ECF6007F989A /* Debug */ = {
			isa = XCBuildConfiguration;
			buildSettings = {
				ALWAYS_SEARCH_USER_PATHS = NO;
				CLANG_CXX_LANGUAGE_STANDARD = "gnu++0x";
				CLANG_CXX_LIBRARY = "libc++";
				CLANG_ENABLE_MODULES = YES;
				CLANG_ENABLE_OBJC_ARC = YES;
				CLANG_WARN_BOOL_CONVERSION = YES;
				CLANG_WARN_CONSTANT_CONVERSION = YES;
				CLANG_WARN_DIRECT_OBJC_ISA_USAGE = YES_ERROR;
				CLANG_WARN_EMPTY_BODY = YES;
				CLANG_WARN_ENUM_CONVERSION = YES;
				CLANG_WARN_INT_CONVERSION = YES;
				CLANG_WARN_OBJC_ROOT_CLASS = YES_ERROR;
				CLANG_WARN_UNREACHABLE_CODE = YES;
				CLANG_WARN__DUPLICATE_METHOD_MATCH = YES;
				"CODE_SIGN_IDENTITY[sdk=iphoneos*]" = "iPhone Developer";
				COPY_PHASE_STRIP = NO;
				DEBUG_INFORMATION_FORMAT = "dwarf-with-dsym";
				ENABLE_STRICT_OBJC_MSGSEND = YES;
				GCC_C_LANGUAGE_STANDARD = gnu99;
				GCC_DYNAMIC_NO_PIC = NO;
				GCC_NO_COMMON_BLOCKS = YES;
				GCC_OPTIMIZATION_LEVEL = 0;
				GCC_PREPROCESSOR_DEFINITIONS = (
					"DEBUG=1",
					"$(inherited)",
				);
				GCC_SYMBOLS_PRIVATE_EXTERN = NO;
				GCC_WARN_64_TO_32_BIT_CONVERSION = YES;
				GCC_WARN_ABOUT_RETURN_TYPE = YES_ERROR;
				GCC_WARN_UNDECLARED_SELECTOR = YES;
				GCC_WARN_UNINITIALIZED_AUTOS = YES_AGGRESSIVE;
				GCC_WARN_UNUSED_FUNCTION = YES;
				GCC_WARN_UNUSED_VARIABLE = YES;
				IPHONEOS_DEPLOYMENT_TARGET = 8.3;
				MTL_ENABLE_DEBUG_INFO = YES;
				ONLY_ACTIVE_ARCH = YES;
				SDKROOT = iphoneos;
				SWIFT_OPTIMIZATION_LEVEL = "-Onone";
				TARGETED_DEVICE_FAMILY = "1,2";
			};
			name = Debug;
		};
		28F75D9D1B28ECF6007F989A /* Release */ = {
			isa = XCBuildConfiguration;
			buildSettings = {
				ALWAYS_SEARCH_USER_PATHS = NO;
				CLANG_CXX_LANGUAGE_STANDARD = "gnu++0x";
				CLANG_CXX_LIBRARY = "libc++";
				CLANG_ENABLE_MODULES = YES;
				CLANG_ENABLE_OBJC_ARC = YES;
				CLANG_WARN_BOOL_CONVERSION = YES;
				CLANG_WARN_CONSTANT_CONVERSION = YES;
				CLANG_WARN_DIRECT_OBJC_ISA_USAGE = YES_ERROR;
				CLANG_WARN_EMPTY_BODY = YES;
				CLANG_WARN_ENUM_CONVERSION = YES;
				CLANG_WARN_INT_CONVERSION = YES;
				CLANG_WARN_OBJC_ROOT_CLASS = YES_ERROR;
				CLANG_WARN_UNREACHABLE_CODE = YES;
				CLANG_WARN__DUPLICATE_METHOD_MATCH = YES;
				"CODE_SIGN_IDENTITY[sdk=iphoneos*]" = "iPhone Developer";
				COPY_PHASE_STRIP = NO;
				DEBUG_INFORMATION_FORMAT = "dwarf-with-dsym";
				ENABLE_NS_ASSERTIONS = NO;
				ENABLE_STRICT_OBJC_MSGSEND = YES;
				GCC_C_LANGUAGE_STANDARD = gnu99;
				GCC_NO_COMMON_BLOCKS = YES;
				GCC_WARN_64_TO_32_BIT_CONVERSION = YES;
				GCC_WARN_ABOUT_RETURN_TYPE = YES_ERROR;
				GCC_WARN_UNDECLARED_SELECTOR = YES;
				GCC_WARN_UNINITIALIZED_AUTOS = YES_AGGRESSIVE;
				GCC_WARN_UNUSED_FUNCTION = YES;
				GCC_WARN_UNUSED_VARIABLE = YES;
				IPHONEOS_DEPLOYMENT_TARGET = 8.3;
				MTL_ENABLE_DEBUG_INFO = NO;
				SDKROOT = iphoneos;
				TARGETED_DEVICE_FAMILY = "1,2";
				VALIDATE_PRODUCT = YES;
			};
			name = Release;
		};
		28F75D9F1B28ECF6007F989A /* Debug */ = {
			isa = XCBuildConfiguration;
			buildSettings = {
				ASSETCATALOG_COMPILER_APPICON_NAME = AppIcon;
				INFOPLIST_FILE = Dragging/Info.plist;
				LD_RUNPATH_SEARCH_PATHS = "$(inherited) @executable_path/Frameworks";
				PRODUCT_NAME = "$(TARGET_NAME)";
			};
			name = Debug;
		};
		28F75DA01B28ECF6007F989A /* Release */ = {
			isa = XCBuildConfiguration;
			buildSettings = {
				ASSETCATALOG_COMPILER_APPICON_NAME = AppIcon;
				INFOPLIST_FILE = Dragging/Info.plist;
				LD_RUNPATH_SEARCH_PATHS = "$(inherited) @executable_path/Frameworks";
				PRODUCT_NAME = "$(TARGET_NAME)";
			};
			name = Release;
		};
		28F75DA21B28ECF6007F989A /* Debug */ = {
			isa = XCBuildConfiguration;
			buildSettings = {
				BUNDLE_LOADER = "$(TEST_HOST)";
				FRAMEWORK_SEARCH_PATHS = (
					"$(SDKROOT)/Developer/Library/Frameworks",
					"$(inherited)",
				);
				GCC_PREPROCESSOR_DEFINITIONS = (
					"DEBUG=1",
					"$(inherited)",
				);
				INFOPLIST_FILE = DraggingTests/Info.plist;
				LD_RUNPATH_SEARCH_PATHS = "$(inherited) @executable_path/Frameworks @loader_path/Frameworks";
				PRODUCT_NAME = "$(TARGET_NAME)";
				TEST_HOST = "$(BUILT_PRODUCTS_DIR)/Dragging.app/Dragging";
			};
			name = Debug;
		};
		28F75DA31B28ECF6007F989A /* Release */ = {
			isa = XCBuildConfiguration;
			buildSettings = {
				BUNDLE_LOADER = "$(TEST_HOST)";
				FRAMEWORK_SEARCH_PATHS = (
					"$(SDKROOT)/Developer/Library/Frameworks",
					"$(inherited)",
				);
				INFOPLIST_FILE = DraggingTests/Info.plist;
				LD_RUNPATH_SEARCH_PATHS = "$(inherited) @executable_path/Frameworks @loader_path/Frameworks";
				PRODUCT_NAME = "$(TARGET_NAME)";
				TEST_HOST = "$(BUILT_PRODUCTS_DIR)/Dragging.app/Dragging";
			};
			name = Release;
		};
/* End XCBuildConfiguration section */

/* Begin XCConfigurationList section */
		28F75D7A1B28ECF6007F989A /* Build configuration list for PBXProject "Dragging" */ = {
			isa = XCConfigurationList;
			buildConfigurations = (
				28F75D9C1B28ECF6007F989A /* Debug */,
				28F75D9D1B28ECF6007F989A /* Release */,
			);
			defaultConfigurationIsVisible = 0;
			defaultConfigurationName = Release;
		};
		28F75D9E1B28ECF6007F989A /* Build configuration list for PBXNativeTarget "Dragging" */ = {
			isa = XCConfigurationList;
			buildConfigurations = (
				28F75D9F1B28ECF6007F989A /* Debug */,
				28F75DA01B28ECF6007F989A /* Release */,
			);
			defaultConfigurationIsVisible = 0;
		};
		28F75DA11B28ECF6007F989A /* Build configuration list for PBXNativeTarget "DraggingTests" */ = {
			isa = XCConfigurationList;
			buildConfigurations = (
				28F75DA21B28ECF6007F989A /* Debug */,
				28F75DA31B28ECF6007F989A /* Release */,
			);
			defaultConfigurationIsVisible = 0;
		};
/* End XCConfigurationList section */
	};
	rootObject = 28F75D771B28ECF6007F989A /* Project object */;
}
