// !$*UTF8*$!
{
	archiveVersion = 1;
	classes = {
	};
	objectVersion = 46;
	objects = {

/* Begin PBXBuildFile section */
		28D10F401AD9C36B00784D21 /* AppDelegate.swift in Sources */ = {isa = PBXBuildFile; fileRef = 28D10F3F1AD9C36B00784D21 /* AppDelegate.swift */; };
		28D10F421AD9C36B00784D21 /* ViewController.swift in Sources */ = {isa = PBXBuildFile; fileRef = 28D10F411AD9C36B00784D21 /* ViewController.swift */; };
		28D10F451AD9C36B00784D21 /* Main.storyboard in Resources */ = {isa = PBXBuildFile; fileRef = 28D10F431AD9C36B00784D21 /* Main.storyboard */; };
		28D10F471AD9C36B00784D21 /* Images.xcassets in Resources */ = {isa = PBXBuildFile; fileRef = 28D10F461AD9C36B00784D21 /* Images.xcassets */; };
		28D10F4A1AD9C36B00784D21 /* LaunchScreen.xib in Resources */ = {isa = PBXBuildFile; fileRef = 28D10F481AD9C36B00784D21 /* LaunchScreen.xib */; };
		28D10F561AD9C36B00784D21 /* Webview_DemoTests.swift in Sources */ = {isa = PBXBuildFile; fileRef = 28D10F551AD9C36B00784D21 /* Webview_DemoTests.swift */; };
/* End PBXBuildFile section */

/* Begin PBXContainerItemProxy section */
		28D10F501AD9C36B00784D21 /* PBXContainerItemProxy */ = {
			isa = PBXContainerItemProxy;
			containerPortal = 28D10F321AD9C36B00784D21 /* Project object */;
			proxyType = 1;
			remoteGlobalIDString = 28D10F391AD9C36B00784D21;
			remoteInfo = "Webview Demo";
		};
/* End PBXContainerItemProxy section */

/* Begin PBXFileReference section */
		28D10F3A1AD9C36B00784D21 /* Webview Demo.app */ = {isa = PBXFileReference; explicitFileType = wrapper.application; includeInIndex = 0; path = "Webview Demo.app"; sourceTree = BUILT_PRODUCTS_DIR; };
		28D10F3E1AD9C36B00784D21 /* Info.plist */ = {isa = PBXFileReference; lastKnownFileType = text.plist.xml; path = Info.plist; sourceTree = "<group>"; };
		28D10F3F1AD9C36B00784D21 /* AppDelegate.swift */ = {isa = PBXFileReference; lastKnownFileType = sourcecode.swift; path = AppDelegate.swift; sourceTree = "<group>"; };
		28D10F411AD9C36B00784D21 /* ViewController.swift */ = {isa = PBXFileReference; lastKnownFileType = sourcecode.swift; path = ViewController.swift; sourceTree = "<group>"; };
		28D10F441AD9C36B00784D21 /* Base */ = {isa = PBXFileReference; lastKnownFileType = file.storyboard; name = Base; path = Base.lproj/Main.storyboard; sourceTree = "<group>"; };
		28D10F461AD9C36B00784D21 /* Images.xcassets */ = {isa = PBXFileReference; lastKnownFileType = folder.assetcatalog; path = Images.xcassets; sourceTree = "<group>"; };
		28D10F491AD9C36B00784D21 /* Base */ = {isa = PBXFileReference; lastKnownFileType = file.xib; name = Base; path = Base.lproj/LaunchScreen.xib; sourceTree = "<group>"; };
		28D10F4F1AD9C36B00784D21 /* Webview DemoTests.xctest */ = {isa = PBXFileReference; explicitFileType = wrapper.cfbundle; includeInIndex = 0; path = "Webview DemoTests.xctest"; sourceTree = BUILT_PRODUCTS_DIR; };
		28D10F541AD9C36B00784D21 /* Info.plist */ = {isa = PBXFileReference; lastKnownFileType = text.plist.xml; path = Info.plist; sourceTree = "<group>"; };
		28D10F551AD9C36B00784D21 /* Webview_DemoTests.swift */ = {isa = PBXFileReference; lastKnownFileType = sourcecode.swift; path = Webview_DemoTests.swift; sourceTree = "<group>"; };
/* End PBXFileReference section */

/* Begin PBXFrameworksBuildPhase section */
		28D10F371AD9C36B00784D21 /* Frameworks */ = {
			isa = PBXFrameworksBuildPhase;
			buildActionMask = 2147483647;
			files = (
			);
			runOnlyForDeploymentPostprocessing = 0;
		};
		28D10F4C1AD9C36B00784D21 /* Frameworks */ = {
			isa = PBXFrameworksBuildPhase;
			buildActionMask = 2147483647;
			files = (
			);
			runOnlyForDeploymentPostprocessing = 0;
		};
/* End PBXFrameworksBuildPhase section */

/* Begin PBXGroup section */
		28D10F311AD9C36B00784D21 = {
			isa = PBXGroup;
			children = (
				28D10F3C1AD9C36B00784D21 /* Webview Demo */,
				28D10F521AD9C36B00784D21 /* Webview DemoTests */,
				28D10F3B1AD9C36B00784D21 /* Products */,
			);
			sourceTree = "<group>";
		};
		28D10F3B1AD9C36B00784D21 /* Products */ = {
			isa = PBXGroup;
			children = (
				28D10F3A1AD9C36B00784D21 /* Webview Demo.app */,
				28D10F4F1AD9C36B00784D21 /* Webview DemoTests.xctest */,
			);
			name = Products;
			sourceTree = "<group>";
		};
		28D10F3C1AD9C36B00784D21 /* Webview Demo */ = {
			isa = PBXGroup;
			children = (
				28D10F3F1AD9C36B00784D21 /* AppDelegate.swift */,
				28D10F411AD9C36B00784D21 /* ViewController.swift */,
				28D10F431AD9C36B00784D21 /* Main.storyboard */,
				28D10F461AD9C36B00784D21 /* Images.xcassets */,
				28D10F481AD9C36B00784D21 /* LaunchScreen.xib */,
				28D10F3D1AD9C36B00784D21 /* Supporting Files */,
			);
			path = "Webview Demo";
			sourceTree = "<group>";
		};
		28D10F3D1AD9C36B00784D21 /* Supporting Files */ = {
			isa = PBXGroup;
			children = (
				28D10F3E1AD9C36B00784D21 /* Info.plist */,
			);
			name = "Supporting Files";
			sourceTree = "<group>";
		};
		28D10F521AD9C36B00784D21 /* Webview DemoTests */ = {
			isa = PBXGroup;
			children = (
				28D10F551AD9C36B00784D21 /* Webview_DemoTests.swift */,
				28D10F531AD9C36B00784D21 /* Supporting Files */,
			);
			path = "Webview DemoTests";
			sourceTree = "<group>";
		};
		28D10F531AD9C36B00784D21 /* Supporting Files */ = {
			isa = PBXGroup;
			children = (
				28D10F541AD9C36B00784D21 /* Info.plist */,
			);
			name = "Supporting Files";
			sourceTree = "<group>";
		};
/* End PBXGroup section */

/* Begin PBXNativeTarget section */
		28D10F391AD9C36B00784D21 /* Webview Demo */ = {
			isa = PBXNativeTarget;
			buildConfigurationList = 28D10F591AD9C36B00784D21 /* Build configuration list for PBXNativeTarget "Webview Demo" */;
			buildPhases = (
				28D10F361AD9C36B00784D21 /* Sources */,
				28D10F371AD9C36B00784D21 /* Frameworks */,
				28D10F381AD9C36B00784D21 /* Resources */,
			);
			buildRules = (
			);
			dependencies = (
			);
			name = "Webview Demo";
			productName = "Webview Demo";
			productReference = 28D10F3A1AD9C36B00784D21 /* Webview Demo.app */;
			productType = "com.apple.product-type.application";
		};
		28D10F4E1AD9C36B00784D21 /* Webview DemoTests */ = {
			isa = PBXNativeTarget;
			buildConfigurationList = 28D10F5C1AD9C36B00784D21 /* Build configuration list for PBXNativeTarget "Webview DemoTests" */;
			buildPhases = (
				28D10F4B1AD9C36B00784D21 /* Sources */,
				28D10F4C1AD9C36B00784D21 /* Frameworks */,
				28D10F4D1AD9C36B00784D21 /* Resources */,
			);
			buildRules = (
			);
			dependencies = (
				28D10F511AD9C36B00784D21 /* PBXTargetDependency */,
			);
			name = "Webview DemoTests";
			productName = "Webview DemoTests";
			productReference = 28D10F4F1AD9C36B00784D21 /* Webview DemoTests.xctest */;
			productType = "com.apple.product-type.bundle.unit-test";
		};
/* End PBXNativeTarget section */

/* Begin PBXProject section */
		28D10F321AD9C36B00784D21 /* Project object */ = {
			isa = PBXProject;
			attributes = {
				LastUpgradeCheck = 0630;
				ORGANIZATIONNAME = "Gray Karegeannes";
				TargetAttributes = {
					28D10F391AD9C36B00784D21 = {
						CreatedOnToolsVersion = 6.3;
					};
					28D10F4E1AD9C36B00784D21 = {
						CreatedOnToolsVersion = 6.3;
						TestTargetID = 28D10F391AD9C36B00784D21;
					};
				};
			};
			buildConfigurationList = 28D10F351AD9C36B00784D21 /* Build configuration list for PBXProject "Webview Demo" */;
			compatibilityVersion = "Xcode 3.2";
			developmentRegion = English;
			hasScannedForEncodings = 0;
			knownRegions = (
				en,
				Base,
			);
			mainGroup = 28D10F311AD9C36B00784D21;
			productRefGroup = 28D10F3B1AD9C36B00784D21 /* Products */;
			projectDirPath = "";
			projectRoot = "";
			targets = (
				28D10F391AD9C36B00784D21 /* Webview Demo */,
				28D10F4E1AD9C36B00784D21 /* Webview DemoTests */,
			);
		};
/* End PBXProject section */

/* Begin PBXResourcesBuildPhase section */
		28D10F381AD9C36B00784D21 /* Resources */ = {
			isa = PBXResourcesBuildPhase;
			buildActionMask = 2147483647;
			files = (
				28D10F451AD9C36B00784D21 /* Main.storyboard in Resources */,
				28D10F4A1AD9C36B00784D21 /* LaunchScreen.xib in Resources */,
				28D10F471AD9C36B00784D21 /* Images.xcassets in Resources */,
			);
			runOnlyForDeploymentPostprocessing = 0;
		};
		28D10F4D1AD9C36B00784D21 /* Resources */ = {
			isa = PBXResourcesBuildPhase;
			buildActionMask = 2147483647;
			files = (
			);
			runOnlyForDeploymentPostprocessing = 0;
		};
/* End PBXResourcesBuildPhase section */

/* Begin PBXSourcesBuildPhase section */
		28D10F361AD9C36B00784D21 /* Sources */ = {
			isa = PBXSourcesBuildPhase;
			buildActionMask = 2147483647;
			files = (
				28D10F421AD9C36B00784D21 /* ViewController.swift in Sources */,
				28D10F401AD9C36B00784D21 /* AppDelegate.swift in Sources */,
			);
			runOnlyForDeploymentPostprocessing = 0;
		};
		28D10F4B1AD9C36B00784D21 /* Sources */ = {
			isa = PBXSourcesBuildPhase;
			buildActionMask = 2147483647;
			files = (
				28D10F561AD9C36B00784D21 /* Webview_DemoTests.swift in Sources */,
			);
			runOnlyForDeploymentPostprocessing = 0;
		};
/* End PBXSourcesBuildPhase section */

/* Begin PBXTargetDependency section */
		28D10F511AD9C36B00784D21 /* PBXTargetDependency */ = {
			isa = PBXTargetDependency;
			target = 28D10F391AD9C36B00784D21 /* Webview Demo */;
			targetProxy = 28D10F501AD9C36B00784D21 /* PBXContainerItemProxy */;
		};
/* End PBXTargetDependency section */

/* Begin PBXVariantGroup section */
		28D10F431AD9C36B00784D21 /* Main.storyboard */ = {
			isa = PBXVariantGroup;
			children = (
				28D10F441AD9C36B00784D21 /* Base */,
			);
			name = Main.storyboard;
			sourceTree = "<group>";
		};
		28D10F481AD9C36B00784D21 /* LaunchScreen.xib */ = {
			isa = PBXVariantGroup;
			children = (
				28D10F491AD9C36B00784D21 /* Base */,
			);
			name = LaunchScreen.xib;
			sourceTree = "<group>";
		};
/* End PBXVariantGroup section */

/* Begin XCBuildConfiguration section */
		28D10F571AD9C36B00784D21 /* Debug */ = {
			isa = XCBuildConfiguration;
			buildSettings = {
				ALWAYS_SEARCH_USER_PATHS = NO;
				CLANG_CXX_LANGUAGE_STANDARD = "gnu++0x";
				CLANG_CXX_LIBRARY = "libc++";
				CLANG_ENABLE_MODULES = YES;
				CLANG_ENABLE_OBJC_ARC = YES;
				CLANG_WARN_BOOL_CONVERSION = YES;
				CLANG_WARN_CONSTANT_CONVERSION = YES;
				CLANG_WARN_DIRECT_OBJC_ISA_USAGE = YES_ERROR;
				CLANG_WARN_EMPTY_BODY = YES;
				CLANG_WARN_ENUM_CONVERSION = YES;
				CLANG_WARN_INT_CONVERSION = YES;
				CLANG_WARN_OBJC_ROOT_CLASS = YES_ERROR;
				CLANG_WARN_UNREACHABLE_CODE = YES;
				CLANG_WARN__DUPLICATE_METHOD_MATCH = YES;
				"CODE_SIGN_IDENTITY[sdk=iphoneos*]" = "iPhone Developer";
				COPY_PHASE_STRIP = NO;
				DEBUG_INFORMATION_FORMAT = "dwarf-with-dsym";
				ENABLE_STRICT_OBJC_MSGSEND = YES;
				GCC_C_LANGUAGE_STANDARD = gnu99;
				GCC_DYNAMIC_NO_PIC = NO;
				GCC_NO_COMMON_BLOCKS = YES;
				GCC_OPTIMIZATION_LEVEL = 0;
				GCC_PREPROCESSOR_DEFINITIONS = (
					"DEBUG=1",
					"$(inherited)",
				);
				GCC_SYMBOLS_PRIVATE_EXTERN = NO;
				GCC_WARN_64_TO_32_BIT_CONVERSION = YES;
				GCC_WARN_ABOUT_RETURN_TYPE = YES_ERROR;
				GCC_WARN_UNDECLARED_SELECTOR = YES;
				GCC_WARN_UNINITIALIZED_AUTOS = YES_AGGRESSIVE;
				GCC_WARN_UNUSED_FUNCTION = YES;
				GCC_WARN_UNUSED_VARIABLE = YES;
				IPHONEOS_DEPLOYMENT_TARGET = 8.3;
				MTL_ENABLE_DEBUG_INFO = YES;
				ONLY_ACTIVE_ARCH = YES;
				SDKROOT = iphoneos;
				SWIFT_OPTIMIZATION_LEVEL = "-Onone";
				TARGETED_DEVICE_FAMILY = "1,2";
			};
			name = Debug;
		};
		28D10F581AD9C36B00784D21 /* Release */ = {
			isa = XCBuildConfiguration;
			buildSettings = {
				ALWAYS_SEARCH_USER_PATHS = NO;
				CLANG_CXX_LANGUAGE_STANDARD = "gnu++0x";
				CLANG_CXX_LIBRARY = "libc++";
				CLANG_ENABLE_MODULES = YES;
				CLANG_ENABLE_OBJC_ARC = YES;
				CLANG_WARN_BOOL_CONVERSION = YES;
				CLANG_WARN_CONSTANT_CONVERSION = YES;
				CLANG_WARN_DIRECT_OBJC_ISA_USAGE = YES_ERROR;
				CLANG_WARN_EMPTY_BODY = YES;
				CLANG_WARN_ENUM_CONVERSION = YES;
				CLANG_WARN_INT_CONVERSION = YES;
				CLANG_WARN_OBJC_ROOT_CLASS = YES_ERROR;
				CLANG_WARN_UNREACHABLE_CODE = YES;
				CLANG_WARN__DUPLICATE_METHOD_MATCH = YES;
				"CODE_SIGN_IDENTITY[sdk=iphoneos*]" = "iPhone Developer";
				COPY_PHASE_STRIP = NO;
				DEBUG_INFORMATION_FORMAT = "dwarf-with-dsym";
				ENABLE_NS_ASSERTIONS = NO;
				ENABLE_STRICT_OBJC_MSGSEND = YES;
				GCC_C_LANGUAGE_STANDARD = gnu99;
				GCC_NO_COMMON_BLOCKS = YES;
				GCC_WARN_64_TO_32_BIT_CONVERSION = YES;
				GCC_WARN_ABOUT_RETURN_TYPE = YES_ERROR;
				GCC_WARN_UNDECLARED_SELECTOR = YES;
				GCC_WARN_UNINITIALIZED_AUTOS = YES_AGGRESSIVE;
				GCC_WARN_UNUSED_FUNCTION = YES;
				GCC_WARN_UNUSED_VARIABLE = YES;
				IPHONEOS_DEPLOYMENT_TARGET = 8.3;
				MTL_ENABLE_DEBUG_INFO = NO;
				SDKROOT = iphoneos;
				TARGETED_DEVICE_FAMILY = "1,2";
				VALIDATE_PRODUCT = YES;
			};
			name = Release;
		};
		28D10F5A1AD9C36B00784D21 /* Debug */ = {
			isa = XCBuildConfiguration;
			buildSettings = {
				ASSETCATALOG_COMPILER_APPICON_NAME = AppIcon;
				INFOPLIST_FILE = "Webview Demo/Info.plist";
				LD_RUNPATH_SEARCH_PATHS = "$(inherited) @executable_path/Frameworks";
				PRODUCT_NAME = "$(TARGET_NAME)";
			};
			name = Debug;
		};
		28D10F5B1AD9C36B00784D21 /* Release */ = {
			isa = XCBuildConfiguration;
			buildSettings = {
				ASSETCATALOG_COMPILER_APPICON_NAME = AppIcon;
				INFOPLIST_FILE = "Webview Demo/Info.plist";
				LD_RUNPATH_SEARCH_PATHS = "$(inherited) @executable_path/Frameworks";
				PRODUCT_NAME = "$(TARGET_NAME)";
			};
			name = Release;
		};
		28D10F5D1AD9C36B00784D21 /* Debug */ = {
			isa = XCBuildConfiguration;
			buildSettings = {
				BUNDLE_LOADER = "$(TEST_HOST)";
				FRAMEWORK_SEARCH_PATHS = (
					"$(SDKROOT)/Developer/Library/Frameworks",
					"$(inherited)",
				);
				GCC_PREPROCESSOR_DEFINITIONS = (
					"DEBUG=1",
					"$(inherited)",
				);
				INFOPLIST_FILE = "Webview DemoTests/Info.plist";
				LD_RUNPATH_SEARCH_PATHS = "$(inherited) @executable_path/Frameworks @loader_path/Frameworks";
				PRODUCT_NAME = "$(TARGET_NAME)";
				TEST_HOST = "$(BUILT_PRODUCTS_DIR)/Webview Demo.app/Webview Demo";
			};
			name = Debug;
		};
		28D10F5E1AD9C36B00784D21 /* Release */ = {
			isa = XCBuildConfiguration;
			buildSettings = {
				BUNDLE_LOADER = "$(TEST_HOST)";
				FRAMEWORK_SEARCH_PATHS = (
					"$(SDKROOT)/Developer/Library/Frameworks",
					"$(inherited)",
				);
				INFOPLIST_FILE = "Webview DemoTests/Info.plist";
				LD_RUNPATH_SEARCH_PATHS = "$(inherited) @executable_path/Frameworks @loader_path/Frameworks";
				PRODUCT_NAME = "$(TARGET_NAME)";
				TEST_HOST = "$(BUILT_PRODUCTS_DIR)/Webview Demo.app/Webview Demo";
			};
			name = Release;
		};
/* End XCBuildConfiguration section */

/* Begin XCConfigurationList section */
		28D10F351AD9C36B00784D21 /* Build configuration list for PBXProject "Webview Demo" */ = {
			isa = XCConfigurationList;
			buildConfigurations = (
				28D10F571AD9C36B00784D21 /* Debug */,
				28D10F581AD9C36B00784D21 /* Release */,
			);
			defaultConfigurationIsVisible = 0;
			defaultConfigurationName = Release;
		};
		28D10F591AD9C36B00784D21 /* Build configuration list for PBXNativeTarget "Webview Demo" */ = {
			isa = XCConfigurationList;
			buildConfigurations = (
				28D10F5A1AD9C36B00784D21 /* Debug */,
				28D10F5B1AD9C36B00784D21 /* Release */,
			);
			defaultConfigurationIsVisible = 0;
		};
		28D10F5C1AD9C36B00784D21 /* Build configuration list for PBXNativeTarget "Webview DemoTests" */ = {
			isa = XCConfigurationList;
			buildConfigurations = (
				28D10F5D1AD9C36B00784D21 /* Debug */,
				28D10F5E1AD9C36B00784D21 /* Release */,
			);
			defaultConfigurationIsVisible = 0;
		};
/* End XCConfigurationList section */
	};
	rootObject = 28D10F321AD9C36B00784D21 /* Project object */;
}
